dependencies:
  espressif/cjson:
    dependencies:
    - name: idf
      version: '>=5.0'
    source:
      path: ../../managed_components/espressif__cjson
      type: local
    version: 1.7.19~2
  idf:
    source:
      type: idf
    version: 6.2.0
  tele_channels:
    dependencies:
    - name: idf
      version: '>=5.3'
    source:
      path: ../../components/tele_channels
      type: local
    version: 0.1.0
  tele_commands:
    dependencies:
    - name: idf
      version: '>=5.3'
    - name: espressif/cjson
      version: ^1.7.19
    source:
      path: ../../components/tele_commands
      type: local
    version: 0.1.0
  tele_config:
    dependencies:
    - name: idf
      version: '>=5.3'
    - name: espressif/cjson
      version: ^1.7.19
    source:
      path: ../../components/tele_config
      type: local
    version: 0.1.0
  tele_status:
    dependencies:
    - name: idf
      version: '>=5.3'
    - name: espressif/cjson
      version: ^1.7.19
    source:
      path: ../../components/tele_status
      type: local
    version: 0.1.0
direct_dependencies:
- espressif/cjson
- tele_channels
- tele_commands
- tele_config
- tele_status
manifest_hash: 52c8d9e89ebb3295601c1ef89df872878b96131f3fa78432ff6768545e906a54
target: esp32s3
version: 3.0.0
