dependencies:
  espressif/cjson:
    dependencies:
    - name: idf
      version: '>=5.0'
    source:
      path: ../../managed_components/espressif__cjson
      type: local
    version: 1.7.19~2
  idf:
    source:
      type: idf
    version: 6.2.0
  tele_commands:
    dependencies:
    - name: idf
      version: '>=5.3'
    - name: espressif/cjson
      version: ^1.7.19
    source:
      path: ../../components/tele_commands
      type: local
    version: 0.1.0
  tele_config:
    dependencies:
    - name: idf
      version: '>=5.3'
    - name: espressif/cjson
      version: ^1.7.19
    source:
      path: ../../components/tele_config
      type: local
    version: 0.1.0
  tele_status:
    dependencies:
    - name: idf
      version: '>=5.3'
    - name: espressif/cjson
      version: ^1.7.19
    source:
      path: ../../components/tele_status
      type: local
    version: 0.1.0
direct_dependencies:
- espressif/cjson
- tele_commands
- tele_config
- tele_status
manifest_hash: 85779e3182e2b5f2b704eb4c68113f127ae8c2465fd417b8f1dc11e8a9ac8c92
target: esp32
version: 3.0.0
