dependencies:
  espressif/cjson:
    dependencies:
    - name: idf
      version: '>=5.0'
    source:
      path: managed_components/espressif__cjson
      type: local
    version: 1.7.19~2
  espressif/mqtt:
    dependencies:
    - name: idf
      version: '>=5.3'
    source:
      path: managed_components/espressif__mqtt
      type: local
    version: 1.0.0
  idf:
    source:
      type: idf
    version: 6.2.0
direct_dependencies:
- espressif/cjson
- espressif/mqtt
- idf
manifest_hash: 043c11d371990f8c78bf020633de058b87cdbf0a042c460650bdfa0441d912a2
target: esp32s3
version: 3.0.0
