dependencies:
  espressif/cjson:
    dependencies:
    - name: idf
      version: '>=5.0'
    source:
      path: managed_components/espressif__cjson
      type: local
    version: 1.7.19~2
  espressif/mqtt:
    dependencies:
    - name: idf
      version: '>=5.3'
    source:
      path: managed_components/espressif__mqtt
      type: local
    version: 1.0.0
  idf:
    source:
      type: idf
    version: 6.2.0
direct_dependencies:
- espressif/cjson
- espressif/mqtt
- idf
manifest_hash: 8b4a9cdfe5ed939565d826a174ad4901fd607d011b56b37cd5ade86f2f296039
target: esp32s3
version: 3.0.0
